<Solution>
  <Configurations>
    <Platform Name="ARM64" />
    <Platform Name="x64" />
  </Configurations>
  <Project Path="Community.PowerToys.Run.Plugin.LocalTranslator.UnitTests/Community.PowerToys.Run.Plugin.LocalTranslator.UnitTests.csproj">
    <Platform Solution="*|ARM64" Project="ARM64" />
    <Platform Solution="*|x64" Project="x64" />
  </Project>
  <Project Path="Community.PowerToys.Run.Plugin.LocalTranslator/Community.PowerToys.Run.Plugin.LocalTranslator.csproj">
    <Platform Solution="*|ARM64" Project="ARM64" />
    <Platform Solution="*|x64" Project="x64" />
  </Project>
</Solution>
